
Microsoft Visual Studio Solution File, Format Version 12.00
# Visual Studio Version 16
VisualStudioVersion = 16.0.30804.86
MinimumVisualStudioVersion = 10.0.40219.1
Project("{9A19103F-16F7-4668-BE54-9A1E7A4F7556}") = "Tarefas", "Tarefas.csproj", "{4E4D77F4-EF3F-46C2-A6EE-A61DE016F76A}"
EndProject
Global
	GlobalSection(SolutionConfigurationPlatforms) = preSolution
		Debug|Any CPU = Debug|Any CPU
		Release|Any CPU = Release|Any CPU
	EndGlobalSection
	GlobalSection(ProjectConfigurationPlatforms) = postSolution
		{4E4D77F4-EF3F-46C2-A6EE-A61DE016F76A}.Debug|Any CPU.ActiveCfg = Debug|Any CPU
		{4E4D77F4-EF3F-46C2-A6EE-A61DE016F76A}.Debug|Any CPU.Build.0 = Debug|Any CPU
		{4E4D77F4-EF3F-46C2-A6EE-A61DE016F76A}.Release|Any CPU.ActiveCfg = Release|Any CPU
		{4E4D77F4-EF3F-46C2-A6EE-A61DE016F76A}.Release|Any CPU.Build.0 = Release|Any CPU
	EndGlobalSection
	GlobalSection(SolutionProperties) = preSolution
		HideSolutionNode = FALSE
	EndGlobalSection
	GlobalSection(ExtensibilityGlobals) = postSolution
		SolutionGuid = {53A0BF60-5B79-4A37-8D17-10D7AEA660B9}
	EndGlobalSection
EndGlobal
